
Microsoft Visual Studio Solution File, Format Version 12.00
# Visual Studio 2012
Project("{8BC9CEB8-8B4A-11D0-8D11-00A0C91BC942}") = "HeavenlyHell", "HeavenlyHell\HeavenlyHell.vcxproj", "{00051319-2FC0-4BA1-A8E2-37639308C302}"
EndProject
Global
	GlobalSection(SolutionConfigurationPlatforms) = preSolution
		Debug|Win32 = Debug|Win32
		Release|Win32 = Release|Win32
	EndGlobalSection
	GlobalSection(ProjectConfigurationPlatforms) = postSolution
		{00051319-2FC0-4BA1-A8E2-37639308C302}.Debug|Win32.ActiveCfg = Debug|Win32
		{00051319-2FC0-4BA1-A8E2-37639308C302}.Debug|Win32.Build.0 = Debug|Win32
		{00051319-2FC0-4BA1-A8E2-37639308C302}.Release|Win32.ActiveCfg = Release|Win32
		{00051319-2FC0-4BA1-A8E2-37639308C302}.Release|Win32.Build.0 = Release|Win32
	EndGlobalSection
	GlobalSection(SolutionProperties) = preSolution
		HideSolutionNode = FALSE
	EndGlobalSection
EndGlobal
