<?xml version="1.0" encoding="utf-8"?>
<Project ToolsVersion="4.0" xmlns="http://schemas.microsoft.com/developer/msbuild/2003">
  <ItemGroup>
    <Filter Include="Fichiers sources">
      <UniqueIdentifier>{4FC737F1-C7A5-4376-A066-2A32D752A2FF}</UniqueIdentifier>
      <Extensions>cpp;c;cc;cxx;def;odl;idl;hpj;bat;asm;asmx</Extensions>
    </Filter>
    <Filter Include="Fichiers d%27en-tête">
      <UniqueIdentifier>{93995380-89BD-4b04-88EB-625FBE52EBFB}</UniqueIdentifier>
      <Extensions>h;hpp;hxx;hm;inl;inc;xsd</Extensions>
    </Filter>
    <Filter Include="Fichiers de ressources">
      <UniqueIdentifier>{67DA6AB6-F800-4c08-8B7A-83BB121AAD01}</UniqueIdentifier>
      <Extensions>rc;ico;cur;bmp;dlg;rc2;rct;bin;rgs;gif;jpg;jpeg;jpe;resx;tiff;tif;png;wav;mfcribbon-ms</Extensions>
    </Filter>
    <Filter Include="Fichiers d%27en-tête\TinyXML">
      <UniqueIdentifier>{44c20a2f-b5a3-4ac9-ad21-0022d5e8bfe7}</UniqueIdentifier>
    </Filter>
    <Filter Include="Fichiers d%27en-tête\GameStates">
      <UniqueIdentifier>{54a5351a-3cd9-417a-a0e7-1f7e434ac89a}</UniqueIdentifier>
    </Filter>
    <Filter Include="Fichiers d%27en-tête\GameObjects">
      <UniqueIdentifier>{ca223ee7-7ec4-48b8-8fbc-ba4020482304}</UniqueIdentifier>
    </Filter>
    <Filter Include="Fichiers sources\GameObjects">
      <UniqueIdentifier>{a505b462-b7bb-454b-802c-1e2ce096ff46}</UniqueIdentifier>
    </Filter>
    <Filter Include="Fichiers sources\GameStates">
      <UniqueIdentifier>{4a8b5656-6561-460b-8521-fef63f2ea269}</UniqueIdentifier>
    </Filter>
    <Filter Include="Fichiers sources\TinyXML">
      <UniqueIdentifier>{94294360-3732-4030-99a6-e6f3ed41497c}</UniqueIdentifier>
    </Filter>
    <Filter Include="Fichiers d%27en-tête\GameStates\Base">
      <UniqueIdentifier>{b2a6d183-eb4b-4b1e-98c8-ab8dae5ffadc}</UniqueIdentifier>
    </Filter>
    <Filter Include="Fichiers d%27en-tête\GameObjects\Base">
      <UniqueIdentifier>{ccb6fb9c-4a4e-4db9-b92a-1258f9983c72}</UniqueIdentifier>
    </Filter>
  </ItemGroup>
  <ItemGroup>
    <ClInclude Include="HHEngine.h">
      <Filter>Fichiers d%27en-tête</Filter>
    </ClInclude>
    <ClInclude Include="TextureManager.h">
      <Filter>Fichiers d%27en-tête</Filter>
    </ClInclude>
    <ClInclude Include="Tools.h">
      <Filter>Fichiers d%27en-tête</Filter>
    </ClInclude>
    <ClInclude Include="Map.h">
      <Filter>Fichiers d%27en-tête</Filter>
    </ClInclude>
    <ClInclude Include="Character.h">
      <Filter>Fichiers d%27en-tête</Filter>
    </ClInclude>
    <ClInclude Include="LoaderParams.h">
      <Filter>Fichiers d%27en-tête</Filter>
    </ClInclude>
    <ClInclude Include="Vector2D.h">
      <Filter>Fichiers d%27en-tête</Filter>
    </ClInclude>
    <ClInclude Include="InputHandler.h">
      <Filter>Fichiers d%27en-tête</Filter>
    </ClInclude>
    <ClInclude Include="tinyXML\tinystr.h">
      <Filter>Fichiers d%27en-tête\TinyXML</Filter>
    </ClInclude>
    <ClInclude Include="tinyXML\tinyxml.h">
      <Filter>Fichiers d%27en-tête\TinyXML</Filter>
    </ClInclude>
    <ClInclude Include="Enemy.h">
      <Filter>Fichiers d%27en-tête\GameObjects</Filter>
    </ClInclude>
    <ClInclude Include="AnimatedGraphic.h">
      <Filter>Fichiers d%27en-tête\GameObjects</Filter>
    </ClInclude>
    <ClInclude Include="Player.h">
      <Filter>Fichiers d%27en-tête\GameObjects</Filter>
    </ClInclude>
    <ClInclude Include="GameOverState.h">
      <Filter>Fichiers d%27en-tête\GameStates</Filter>
    </ClInclude>
    <ClInclude Include="MenuState.h">
      <Filter>Fichiers d%27en-tête\GameStates</Filter>
    </ClInclude>
    <ClInclude Include="PauseState.h">
      <Filter>Fichiers d%27en-tête\GameStates</Filter>
    </ClInclude>
    <ClInclude Include="PlayState.h">
      <Filter>Fichiers d%27en-tête\GameStates</Filter>
    </ClInclude>
    <ClInclude Include="MenuButton.h">
      <Filter>Fichiers d%27en-tête\GameObjects</Filter>
    </ClInclude>
    <ClInclude Include="GameObject.h">
      <Filter>Fichiers d%27en-tête\GameObjects\Base</Filter>
    </ClInclude>
    <ClInclude Include="SDLGameObject.h">
      <Filter>Fichiers d%27en-tête\GameObjects\Base</Filter>
    </ClInclude>
    <ClInclude Include="GameState.h">
      <Filter>Fichiers d%27en-tête\GameStates\Base</Filter>
    </ClInclude>
    <ClInclude Include="GameStateMachine.h">
      <Filter>Fichiers d%27en-tête</Filter>
    </ClInclude>
    <ClInclude Include="GameObjectFactory.h">
      <Filter>Fichiers d%27en-tête</Filter>
    </ClInclude>
    <ClInclude Include="Tile.h">
      <Filter>Fichiers d%27en-tête</Filter>
    </ClInclude>
  </ItemGroup>
  <ItemGroup>
    <ClCompile Include="HHEngine.cpp">
      <Filter>Fichiers sources</Filter>
    </ClCompile>
    <ClCompile Include="main.cpp">
      <Filter>Fichiers sources</Filter>
    </ClCompile>
    <ClCompile Include="TextureManager.cpp">
      <Filter>Fichiers sources</Filter>
    </ClCompile>
    <ClCompile Include="Map.cpp">
      <Filter>Fichiers sources</Filter>
    </ClCompile>
    <ClCompile Include="Character.cpp">
      <Filter>Fichiers sources</Filter>
    </ClCompile>
    <ClCompile Include="InputHandler.cpp">
      <Filter>Fichiers sources</Filter>
    </ClCompile>
    <ClCompile Include="AnimatedGraphic.cpp">
      <Filter>Fichiers sources\GameObjects</Filter>
    </ClCompile>
    <ClCompile Include="Enemy.cpp">
      <Filter>Fichiers sources\GameObjects</Filter>
    </ClCompile>
    <ClCompile Include="MenuButton.cpp">
      <Filter>Fichiers sources\GameObjects</Filter>
    </ClCompile>
    <ClCompile Include="Player.cpp">
      <Filter>Fichiers sources\GameObjects</Filter>
    </ClCompile>
    <ClCompile Include="SDLGameObject.cpp">
      <Filter>Fichiers sources\GameObjects</Filter>
    </ClCompile>
    <ClCompile Include="GameOverState.cpp">
      <Filter>Fichiers sources\GameStates</Filter>
    </ClCompile>
    <ClCompile Include="MenuState.cpp">
      <Filter>Fichiers sources\GameStates</Filter>
    </ClCompile>
    <ClCompile Include="PauseState.cpp">
      <Filter>Fichiers sources\GameStates</Filter>
    </ClCompile>
    <ClCompile Include="PlayState.cpp">
      <Filter>Fichiers sources\GameStates</Filter>
    </ClCompile>
    <ClCompile Include="tinyXML\tinystr.cpp">
      <Filter>Fichiers sources\TinyXML</Filter>
    </ClCompile>
    <ClCompile Include="tinyXML\tinyxml.cpp">
      <Filter>Fichiers sources\TinyXML</Filter>
    </ClCompile>
    <ClCompile Include="tinyXML\tinyxmlerror.cpp">
      <Filter>Fichiers sources\TinyXML</Filter>
    </ClCompile>
    <ClCompile Include="tinyXML\tinyxmlparser.cpp">
      <Filter>Fichiers sources\TinyXML</Filter>
    </ClCompile>
    <ClCompile Include="GameStateMachine.cpp">
      <Filter>Fichiers sources</Filter>
    </ClCompile>
    <ClCompile Include="Tile.cpp">
      <Filter>Fichiers sources</Filter>
    </ClCompile>
  </ItemGroup>
</Project>